
Microsoft Visual Studio Solution File, Format Version 12.00
# Visual Studio 15
VisualStudioVersion = 15.0.28010.2003
MinimumVisualStudioVersion = 10.0.40219.1
Project("{FAE04EC0-301F-11D3-BF4B-00C04F79EFBC}") = "InvoiceBill", "InvoiceBill.csproj", "{BF880B46-DBDE-4848-B56F-9BB1EE3B26E2}"
EndProject
Global
	GlobalSection(SolutionConfigurationPlatforms) = preSolution
		Debug|Any CPU = Debug|Any CPU
		Release|Any CPU = Release|Any CPU
	EndGlobalSection
	GlobalSection(ProjectConfigurationPlatforms) = postSolution
		{BF880B46-DBDE-4848-B56F-9BB1EE3B26E2}.Debug|Any CPU.ActiveCfg = Debug|Any CPU
		{BF880B46-DBDE-4848-B56F-9BB1EE3B26E2}.Debug|Any CPU.Build.0 = Debug|Any CPU
		{BF880B46-DBDE-4848-B56F-9BB1EE3B26E2}.Release|Any CPU.ActiveCfg = Release|Any CPU
		{BF880B46-DBDE-4848-B56F-9BB1EE3B26E2}.Release|Any CPU.Build.0 = Release|Any CPU
	EndGlobalSection
	GlobalSection(SolutionProperties) = preSolution
		HideSolutionNode = FALSE
	EndGlobalSection
	GlobalSection(ExtensibilityGlobals) = postSolution
		SolutionGuid = {80592A9D-61A6-4E3D-BAFC-B5FC55076875}
	EndGlobalSection
EndGlobal
